# This file is automatically @generated by Cargo.
# It is not intended for manual editing.
version = 4

[[package]]
name = "aho-corasick"
version = "1.1.5"
source = "registry+https://github.com/rust-lang/crates.io-index"
checksum = "c982642fa9e8606056828ee9a8505737230110bb1099153c79efe865c59d12ba"
dependencies = [
 "memchr",
]

[[package]]
name = "allocator-api2"
version = "0.2.21"
source = "registry+https://github.com/rust-lang/crates.io-index"
checksum = "683d7910e743518b0e34f1186f92494becacb047c7b6bf616c96772180fef923"

[[package]]
name = "approx"
version = "0.5.1"
source = "registry+https://github.com/rust-lang/crates.io-index"
checksum = "cab112f0a86d568ea0e627cc1d6be74a1e9cd55214684db5561995f6dad897c6"
dependencies = [
 "num-traits",
]

[[package]]
name = "arrayvec"
version = "0.7.8"
source = "registry+https://github.com/rust-lang/crates.io-index"
checksum = "d3fb67a6e08acf24fdeccbac2cb6ac4305825bd1f117462e0e6f2f193345ad56"

[[package]]
name = "autocfg"
version = "1.5.1"
source = "registry+https://github.com/rust-lang/crates.io-index"
checksum = "f2032f911046de80f0a198e0901378627c33f59ea0ac00e363d481118bd70a53"

[[package]]
name = "basilica_ruin"
version = "0.0.0"
dependencies = [
 "exedra_assembly",
 "exedra_constructive",
 "exedra_gltf",
 "exedra_math",
 "joiner",
 "joiner_timber",
 "libm",
 "setout",
 "setout_generate",
 "setout_joiner",
 "setout_reconstruction",
]

[[package]]
name = "basilica_structure_lab"
version = "0.0.0"
dependencies = [
 "basilica_ruin",
 "exedra_assembly",
 "exedra_constructive",
 "exedra_math",
 "joiner",
 "joiner_timber",
 "setout_joiner",
]

[[package]]
name = "bitflags"
version = "2.13.1"
source = "registry+https://github.com/rust-lang/crates.io-index"
checksum = "b588b76d00fde79687d7646a9b5bdf3cc0f655e0bbd080335a95d7e96f3587da"

[[package]]
name = "boolean_oracle"
version = "0.0.0"
dependencies = [
 "exedra_isosurface",
 "exedra_math",
 "exedra_mesh",
 "exedra_primitives",
 "exedra_qef",
 "exedra_spatial",
 "exedra_triangulate",
]

[[package]]
name = "bumpalo"
version = "3.20.3"
source = "registry+https://github.com/rust-lang/crates.io-index"
checksum = "72f5acc6cb2ba439de613abc23857ec3d78374d8ed5ac84e9d11336e87da8649"

[[package]]
name = "bytemuck"
version = "1.25.2"
source = "registry+https://github.com/rust-lang/crates.io-index"
checksum = "95832e849adfb21180ccb6826a99da14e5d266ae5c2e668e1602cf234f153797"

[[package]]
name = "byteorder"
version = "1.5.0"
source = "registry+https://github.com/rust-lang/crates.io-index"
checksum = "1fd0f2584146f6f2ef48085050886acf353beff7305ebd1ae69500e27c67f64b"

[[package]]
name = "cfg-if"
version = "1.0.4"
source = "registry+https://github.com/rust-lang/crates.io-index"
checksum = "9330f8b2ff13f34540b44e946ef35111825727b38d33286ef986142615121801"

[[package]]
name = "chacha20"
version = "0.10.2"
source = "registry+https://github.com/rust-lang/crates.io-index"
checksum = "65c35e4b699c7e15ccbe7ee35c005e4fc0a278d22238a2857e6ce2dadeda1b06"
dependencies = [
 "cfg-if",
 "cpufeatures",
 "rand_core",
]

[[package]]
name = "const-fnv1a-hash"
version = "1.1.0"
source = "registry+https://github.com/rust-lang/crates.io-index"
checksum = "32b13ea120a812beba79e34316b3942a857c86ec1593cb34f27bb28272ce2cca"

[[package]]
name = "constructive_gallery"
version = "0.0.0"
dependencies = [
 "exedra_constructive",
 "exedra_mesh",
 "exedra_testkit",
]

[[package]]
name = "constructive_probe"
version = "0.0.0"
dependencies = [
 "exedra_assembly",
 "exedra_constructive",
 "exedra_gltf",
 "exedra_mesh",
 "exedra_testkit",
]

[[package]]
name = "constructive_wind_tunnel"
version = "0.0.0"
dependencies = [
 "exedra_constructive",
 "exedra_mesh",
 "exedra_testkit",
]

[[package]]
name = "cpufeatures"
version = "0.3.1"
source = "registry+https://github.com/rust-lang/crates.io-index"
checksum = "5ca28b0ae3115b884660db4118d803791fd6756b6e88f39c0f3f7859060d7566"
dependencies = [
 "libc",
]

[[package]]
name = "crossbeam-deque"
version = "0.8.7"
source = "registry+https://github.com/rust-lang/crates.io-index"
checksum = "5181e0de7b61eb03a81e347d6dd8797bae9da5146707b51077e2d71a54ec0ceb"
dependencies = [
 "crossbeam-epoch",
 "crossbeam-utils",
]

[[package]]
name = "crossbeam-epoch"
version = "0.9.20"
source = "registry+https://github.com/rust-lang/crates.io-index"
checksum = "2d6914041f254d6e9176c01941b21115dcfb7089e55135a35411081bd106ef3f"
dependencies = [
 "crossbeam-utils",
]

[[package]]
name = "crossbeam-utils"
version = "0.8.22"
source = "registry+https://github.com/rust-lang/crates.io-index"
checksum = "61803da095bee82a81bb1a452ecc25d3b2f1416d1897eb86430c6159ef717c17"

[[package]]
name = "document-features"
version = "0.2.12"
source = "registry+https://github.com/rust-lang/crates.io-index"
checksum = "d4b8a88685455ed29a21542a33abd9cb6510b6b129abadabdcef0f4c55bc8f61"
dependencies = [
 "litrs",
]

[[package]]
name = "dynasm"
version = "5.1.0"
source = "registry+https://github.com/rust-lang/crates.io-index"
checksum = "fd358e74d2f8d71a11b7a2c51c67ad5df3de06003b0596875e47bc09126c894e"
dependencies = [
 "bitflags",
 "byteorder",
 "lazy_static",
 "proc-macro-error3",
 "proc-macro2",
 "quote",
 "syn 2.0.119",
]

[[package]]
name = "dynasmrt"
version = "5.1.0"
source = "registry+https://github.com/rust-lang/crates.io-index"
checksum = "6efe03f6bd356ae85eeea7ee14c2bf54e664a949d089d238364b5a99afbc4116"
dependencies = [
 "byteorder",
 "dynasm",
 "fnv",
 "memmap2",
]

[[package]]
name = "either"
version = "1.18.0"
source = "registry+https://github.com/rust-lang/crates.io-index"
checksum = "252afb9ae5eaa683babdc6a068b3f5726eb19e05070c731f9b2a23a7c3e8ed34"

[[package]]
name = "equivalent"
version = "1.0.2"
source = "registry+https://github.com/rust-lang/crates.io-index"
checksum = "877a4ace8713b0bcf2a4e7eec82529c029f1d0619886d18145fea96c3ffe5c0f"

[[package]]
name = "euclid"
version = "0.22.14"
source = "registry+https://github.com/rust-lang/crates.io-index"
checksum = "f1a05365e3b1c6d1650318537c7460c6923f1abdd272ad6842baa2b509957a06"
dependencies = [
 "num-traits",
]

[[package]]
name = "exedra"
version = "0.1.0"
dependencies = [
 "exedra_analytic",
 "exedra_assembly",
 "exedra_constructive",
 "exedra_gltf",
 "exedra_isosurface",
 "exedra_mesh",
 "exedra_ops",
 "exedra_primitives",
]

[[package]]
name = "exedra_analytic"
version = "0.1.0"
dependencies = [
 "exedra_math",
 "exedra_mesh",
 "exedra_triangulate",
 "libm",
]

[[package]]
name = "exedra_assembly"
version = "0.1.0"
dependencies = [
 "exedra_constructive",
 "exedra_mesh",
 "hashbrown",
 "invalidation",
 "serde",
 "serde_json",
]

[[package]]
name = "exedra_constructive"
version = "0.1.0"
dependencies = [
 "exedra_math",
 "exedra_mesh",
 "exedra_primitives",
 "exedra_testkit",
 "exedra_triangulate",
 "hashbrown",
 "kurbo",
 "libm",
 "serde",
 "serde_json",
]

[[package]]
name = "exedra_fidget"
version = "0.1.0"
dependencies = [
 "exedra_isosurface",
 "exedra_mesh",
 "fidget",
]

[[package]]
name = "exedra_fidget_bench"
version = "0.0.0"
dependencies = [
 "exedra_fidget",
 "exedra_isosurface",
 "exedra_qef",
 "exedra_spatial",
 "fidget",
]

[[package]]
name = "exedra_gltf"
version = "0.1.0"
dependencies = [
 "exedra_assembly",
 "exedra_constructive",
 "exedra_mesh",
 "serde_json",
]

[[package]]
name = "exedra_isosurface"
version = "0.1.0"
dependencies = [
 "exedra_math",
 "exedra_mesh",
 "exedra_qef",
 "exedra_spatial",
 "hashbrown",
 "libm",
]

[[package]]
name = "exedra_math"
version = "0.1.0"
dependencies = [
 "libm",
]

[[package]]
name = "exedra_measurements"
version = "0.1.0"
dependencies = [
 "joto_constants",
]

[[package]]
name = "exedra_mesh"
version = "0.1.0"
dependencies = [
 "exedra_math",
 "exedra_testkit",
 "exedra_triangulate",
 "hashbrown",
 "invalidation",
 "libm",
]

[[package]]
name = "exedra_ops"
version = "0.1.0"
dependencies = [
 "exedra_analytic",
 "exedra_assembly",
 "exedra_constructive",
 "exedra_math",
 "exedra_mesh",
 "exedra_ops_testkit",
 "exedra_testkit",
 "invalidation",
 "libm",
 "web-time",
]

[[package]]
name = "exedra_ops_testkit"
version = "0.1.0"
dependencies = [
 "exedra_mesh",
 "exedra_ops",
 "exedra_primitives",
]

[[package]]
name = "exedra_ops_web_bridge"
version = "0.1.0"
dependencies = [
 "exedra_assembly",
 "exedra_constructive",
 "exedra_mesh",
 "exedra_ops",
 "exedra_primitives",
 "serde",
 "serde_json",
 "wasm-bindgen",
]

[[package]]
name = "exedra_primitives"
version = "0.1.0"
dependencies = [
 "exedra_mesh",
 "libm",
]

[[package]]
name = "exedra_qef"
version = "0.1.0"
dependencies = [
 "exedra_math",
 "libm",
]

[[package]]
name = "exedra_qef_bench"
version = "0.0.0"
dependencies = [
 "exedra_qef",
]

[[package]]
name = "exedra_render_bench"
version = "0.0.0"
dependencies = [
 "exedra_fidget",
 "exedra_isosurface",
 "exedra_mesh",
 "exedra_primitives",
 "exedra_qef",
 "exedra_spatial",
 "fidget",
]

[[package]]
name = "exedra_spatial"
version = "0.1.0"

[[package]]
name = "exedra_testkit"
version = "0.1.0"
dependencies = [
 "exedra_mesh",
 "exedra_primitives",
]

[[package]]
name = "exedra_triangulate"
version = "0.1.0"

[[package]]
name = "exedra_triangulate_bench"
version = "0.0.0"
dependencies = [
 "exedra_triangulate",
]

[[package]]
name = "exedra_wind_tunnel"
version = "0.0.0"
dependencies = [
 "exedra_mesh",
 "exedra_primitives",
 "exedra_testkit",
]

[[package]]
name = "facet"
version = "0.46.5"
source = "registry+https://github.com/rust-lang/crates.io-index"
checksum = "df488bcda61dde160301ee6bce43d42397db599ffc689381a1873b5f035135f9"
dependencies = [
 "autocfg",
 "facet-core",
 "facet-macros",
 "facet-reflect",
]

[[package]]
name = "facet-core"
version = "0.46.5"
source = "registry+https://github.com/rust-lang/crates.io-index"
checksum = "c33cf9d80307e9a29f93e5a65ddb65b227b5fa082d649c65d4083345f5d398d0"
dependencies = [
 "autocfg",
 "const-fnv1a-hash",
 "iddqd",
 "impls",
]

[[package]]
name = "facet-macro-parse"
version = "0.46.5"
source = "registry+https://github.com/rust-lang/crates.io-index"
checksum = "c5ab349bd1823fbfa129e595a826ef7fb4d1b9c7215428b28de18044d009dbc1"
dependencies = [
 "facet-macro-types",
 "proc-macro2",
 "quote",
]

[[package]]
name = "facet-macro-types"
version = "0.46.5"
source = "registry+https://github.com/rust-lang/crates.io-index"
checksum = "79622a74665b47d1744998dd0d15b73eb0eecdfeb16630b436c5f03365b02e55"
dependencies = [
 "proc-macro2",
 "quote",
 "unsynn",
]

[[package]]
name = "facet-macros"
version = "0.46.5"
source = "registry+https://github.com/rust-lang/crates.io-index"
checksum = "a6656fc7457975f5e1c86791b7a810c40ba53993823ae655f7c331e808c4b5ff"
dependencies = [
 "facet-macros-impl",
]

[[package]]
name = "facet-macros-impl"
version = "0.46.5"
source = "registry+https://github.com/rust-lang/crates.io-index"
checksum = "f462bad2b5a574b2c94e9ad54162704ceacf3200741b4f0fb88020936b9003ec"
dependencies = [
 "facet-macro-parse",
 "facet-macro-types",
 "proc-macro2",
 "quote",
 "strsim",
 "unsynn",
]

[[package]]
name = "facet-path"
version = "0.46.5"
source = "registry+https://github.com/rust-lang/crates.io-index"
checksum = "20670a58be24eb604b76ed3a9ca719e5cc5e11b0885dc3847ebb899aa95bf1bc"
dependencies = [
 "facet-core",
]

[[package]]
name = "facet-reflect"
version = "0.46.5"
source = "registry+https://github.com/rust-lang/crates.io-index"
checksum = "399876f2bded4a572385dc414336aad0002ce4b4154cd0d1cfe9d1881243c400"
dependencies = [
 "facet-core",
 "facet-path",
 "hashbrown",
 "regex",
 "smallvec 2.0.0-alpha.13",
]

[[package]]
name = "fidget"
version = "0.5.0"
source = "registry+https://github.com/rust-lang/crates.io-index"
checksum = "6214a9d3f6f2fd6cb5f119cfd3d496d9c562f0fda41c286265a6d1ca0db3d050"
dependencies = [
 "document-features",
 "fidget-core",
 "fidget-jit",
 "workspace-hack",
]

[[package]]
name = "fidget-core"
version = "0.5.0"
source = "registry+https://github.com/rust-lang/crates.io-index"
checksum = "0ed4b64729148d4d56f5216bcf48c1fb8e8c24876faeb9b8efe415f573aba93c"
dependencies = [
 "facet",
 "getrandom 0.2.17",
 "getrandom 0.3.4",
 "getrandom 0.4.3",
 "nalgebra",
 "ordered-float",
 "rand",
 "rayon",
 "serde",
 "strum",
 "thiserror",
 "workspace-hack",
]

[[package]]
name = "fidget-jit"
version = "0.5.0"
source = "registry+https://github.com/rust-lang/crates.io-index"
checksum = "0533d5aa80773945f73d1d9e7e0fd0ceb55a0eb5c2d3ede0b6d46d910d084e4d"
dependencies = [
 "arrayvec",
 "dynasmrt",
 "fidget-core",
 "libc",
 "static_assertions",
 "windows",
 "workspace-hack",
]

[[package]]
name = "fnv"
version = "1.0.7"
source = "registry+https://github.com/rust-lang/crates.io-index"
checksum = "3f9eec918d3f24069decb9af1554cad7c880e2da24a9afd88aca000531ab82c1"

[[package]]
name = "foldhash"
version = "0.2.0"
source = "registry+https://github.com/rust-lang/crates.io-index"
checksum = "77ce24cb58228fbb8aa041425bb1050850ac19177686ea6e0f41a70416f56fdb"

[[package]]
name = "futures-core"
version = "0.3.34"
source = "registry+https://github.com/rust-lang/crates.io-index"
checksum = "92d699e522242e69e3003b94ecc1f960f3a5e015aa7c5d7486e65ad01dd94f5e"

[[package]]
name = "futures-task"
version = "0.3.34"
source = "registry+https://github.com/rust-lang/crates.io-index"
checksum = "cd417de3d1d015fc3bfd2b1ea46dfc7bab72ef86f1cc7cc9c78e728b34a6d1fd"

[[package]]
name = "futures-util"
version = "0.3.34"
source = "registry+https://github.com/rust-lang/crates.io-index"
checksum = "0d50a92467f8ba5dd6e3ee5d4bd04d73ab2e4e1c44474a0674821dfce14b79bc"
dependencies = [
 "futures-core",
 "futures-task",
 "pin-project-lite",
 "slab",
]

[[package]]
name = "getrandom"
version = "0.2.17"
source = "registry+https://github.com/rust-lang/crates.io-index"
checksum = "ff2abc00be7fca6ebc474524697ae276ad847ad0a6b3faa4bcb027e9a4614ad0"
dependencies = [
 "cfg-if",
 "js-sys",
 "libc",
 "wasi",
 "wasm-bindgen",
]

[[package]]
name = "getrandom"
version = "0.3.4"
source = "registry+https://github.com/rust-lang/crates.io-index"
checksum = "899def5c37c4fd7b2664648c28120ecec138e4d395b459e5ca34f9cce2dd77fd"
dependencies = [
 "cfg-if",
 "js-sys",
 "libc",
 "r-efi 5.3.0",
 "wasip2",
 "wasm-bindgen",
]

[[package]]
name = "getrandom"
version = "0.4.3"
source = "registry+https://github.com/rust-lang/crates.io-index"
checksum = "300e883d756b2e4ec94e02791f39b04b522276138852cfc41d9fb7e904106099"
dependencies = [
 "cfg-if",
 "js-sys",
 "libc",
 "r-efi 6.0.0",
 "rand_core",
 "wasm-bindgen",
]

[[package]]
name = "glam"
version = "0.30.10"
source = "registry+https://github.com/rust-lang/crates.io-index"
checksum = "19fc433e8437a212d1b6f1e68c7824af3aed907da60afa994e7f542d18d12aa9"

[[package]]
name = "glam"
version = "0.31.1"
source = "registry+https://github.com/rust-lang/crates.io-index"
checksum = "556f6b2ea90b8d15a74e0e7bb41671c9bdf38cd9f78c284d750b9ce58a2b5be7"

[[package]]
name = "glam"
version = "0.32.1"
source = "registry+https://github.com/rust-lang/crates.io-index"
checksum = "f70749695b063ecbf6b62949ccccde2e733ec3ecbbd71d467dca4e5c6c97cca0"

[[package]]
name = "glam"
version = "0.33.6"
source = "registry+https://github.com/rust-lang/crates.io-index"
checksum = "21fef0953c54fd3de2f44b743fbf77e044c81a25faee03636dfccc0d35135e23"

[[package]]
name = "hashbrown"
version = "0.17.1"
source = "registry+https://github.com/rust-lang/crates.io-index"
checksum = "ed5909b6e89a2db4456e54cd5f673791d7eca6732202bbf2a9cc504fe2f9b84a"
dependencies = [
 "allocator-api2",
 "equivalent",
 "foldhash",
]

[[package]]
name = "heck"
version = "0.5.0"
source = "registry+https://github.com/rust-lang/crates.io-index"
checksum = "2304e00983f87ffb38b55b444b5e3b60a884b5d30c0fca7d82fe33449bbe55ea"

[[package]]
name = "iddqd"
version = "0.4.6"
source = "registry+https://github.com/rust-lang/crates.io-index"
checksum = "8450e1521a7518a32addf0b805ffcfbc8f9c558d2ad5769f068f2aeef5a81126"
dependencies = [
 "allocator-api2",
 "equivalent",
 "foldhash",
 "hashbrown",
]

[[package]]
name = "impls"
version = "1.0.3"
source = "registry+https://github.com/rust-lang/crates.io-index"
checksum = "7a46645bbd70538861a90d0f26c31537cdf1e44aae99a794fb75a664b70951bc"

[[package]]
name = "invalidation"
version = "0.2.0"
source = "registry+https://github.com/rust-lang/crates.io-index"
checksum = "d2217040acf2f123ec9ed6c37c368ba66d1e5a9f2048478c1fdd861bb5cfdecd"
dependencies = [
 "hashbrown",
]

[[package]]
name = "isosurface_wind_tunnel"
version = "0.0.0"
dependencies = [
 "exedra_isosurface",
 "exedra_math",
 "exedra_mesh",
 "exedra_qef",
 "exedra_spatial",
]

[[package]]
name = "itoa"
version = "1.0.18"
source = "registry+https://github.com/rust-lang/crates.io-index"
checksum = "8f42a60cbdf9a97f5d2305f08a87dc4e09308d1276d28c869c684d7777685682"

[[package]]
name = "joiner"
version = "0.0.0"
dependencies = [
 "exedra_assembly",
 "exedra_constructive",
 "exedra_math",
 "exedra_measurements",
 "hashbrown",
 "invalidation",
]

[[package]]
name = "joiner_masonry"
version = "0.0.0"
dependencies = [
 "exedra_constructive",
 "exedra_measurements",
 "joiner",
 "libm",
]

[[package]]
name = "joiner_timber"
version = "0.0.0"
dependencies = [
 "exedra_constructive",
 "exedra_math",
 "exedra_measurements",
 "joiner",
]

[[package]]
name = "joto_constants"
version = "0.2.0"
source = "registry+https://github.com/rust-lang/crates.io-index"
checksum = "9d34cd7ad25e6256500742e8b4ab81d659ea863342322381a7d72aa6c80661fe"

[[package]]
name = "joto_parse"
version = "0.2.0"
source = "registry+https://github.com/rust-lang/crates.io-index"
checksum = "49ba875b64e7787bf48ab21c7f1a10a35236b77a1257009dfb5742ec1dfc3202"
dependencies = [
 "joto_constants",
]

[[package]]
name = "js-sys"
version = "0.3.104"
source = "registry+https://github.com/rust-lang/crates.io-index"
checksum = "0e0c1080212aad755ea003d18543e8768dd432c48819efd73a7bf1e39b7a5a3a"
dependencies = [
 "cfg-if",
 "futures-util",
 "wasm-bindgen",
]

[[package]]
name = "kurbo"
version = "0.13.1"
source = "registry+https://github.com/rust-lang/crates.io-index"
checksum = "4b60dfc32f652b926df6192e55525b16d186c69d47876c3ead4da5cc9f8450e2"
dependencies = [
 "arrayvec",
 "euclid",
 "libm",
 "polycool",
 "smallvec 1.16.0",
]

[[package]]
name = "lazy_static"
version = "1.5.0"
source = "registry+https://github.com/rust-lang/crates.io-index"
checksum = "bbd2bcb4c963f2ddae06a2efc7e9f3591312473c50c6685e1f298068316e66fe"

[[package]]
name = "libc"
version = "0.2.189"
source = "registry+https://github.com/rust-lang/crates.io-index"
checksum = "3eaf3ede3fee6db1a4c2ee091bf8a8b4dccdc6d17f656fb07896ee72867612f2"

[[package]]
name = "libm"
version = "0.2.16"
source = "registry+https://github.com/rust-lang/crates.io-index"
checksum = "b6d2cec3eae94f9f509c767b45932f1ada8350c4bdb85af2fcab4a3c14807981"

[[package]]
name = "litrs"
version = "1.0.0"
source = "registry+https://github.com/rust-lang/crates.io-index"
checksum = "11d3d7f243d5c5a8b9bb5d6dd2b1602c0cb0b9db1621bafc7ed66e35ff9fe092"

[[package]]
name = "material_gallery"
version = "0.0.0"
dependencies = [
 "exedra_assembly",
 "exedra_constructive",
 "exedra_gltf",
 "exedra_mesh",
 "serde_json",
]

[[package]]
name = "matrixmultiply"
version = "0.3.11"
source = "registry+https://github.com/rust-lang/crates.io-index"
checksum = "3f607c237553f086e7043417a51df26b2eb899d3caff94e6a67592ff992fedc7"
dependencies = [
 "autocfg",
 "rawpointer",
]

[[package]]
name = "memchr"
version = "2.8.3"
source = "registry+https://github.com/rust-lang/crates.io-index"
checksum = "cf8baf1c55e62ffcace7a9f06f4bd9cd3f0c4beb022d3b367256b91b87513d98"

[[package]]
name = "memmap2"
version = "0.9.11"
source = "registry+https://github.com/rust-lang/crates.io-index"
checksum = "d1219ed1b7f229ee7104d281dd01d6802fe28bb6e95d292942c4daacdeb798c0"
dependencies = [
 "libc",
]

[[package]]
name = "moon_gate_courtyard"
version = "0.0.0"
dependencies = [
 "exedra_assembly",
 "exedra_constructive",
 "exedra_gltf",
 "exedra_isosurface",
 "exedra_math",
 "exedra_mesh",
 "joiner",
 "joiner_masonry",
 "serde_json",
 "yingzao_fashi_pavilion",
]

[[package]]
name = "mutants"
version = "0.0.3"
source = "registry+https://github.com/rust-lang/crates.io-index"
checksum = "bc0287524726960e07b119cebd01678f852f147742ae0d925e6a520dca956126"

[[package]]
name = "nalgebra"
version = "0.35.0"
source = "registry+https://github.com/rust-lang/crates.io-index"
checksum = "adc43a60c217b0c6ff46e47f26911015ad8d2e5a8be1af668c67e370d99a4346"
dependencies = [
 "approx",
 "glam 0.30.10",
 "glam 0.31.1",
 "glam 0.32.1",
 "glam 0.33.6",
 "matrixmultiply",
 "nalgebra-macros",
 "num-complex",
 "num-rational",
 "num-traits",
 "serde",
 "simba",
 "typenum",
]

[[package]]
name = "nalgebra-macros"
version = "0.3.0"
source = "registry+https://github.com/rust-lang/crates.io-index"
checksum = "973e7178a678cfd059ccec50887658d482ce16b0aa9da3888ddeab5cd5eb4889"
dependencies = [
 "proc-macro2",
 "quote",
 "syn 2.0.119",
]

[[package]]
name = "num-bigint"
version = "0.4.8"
source = "registry+https://github.com/rust-lang/crates.io-index"
checksum = "c89e69e7e0f03bea5ef08013795c25018e101932225a656383bd384495ecc367"
dependencies = [
 "num-integer",
 "num-traits",
]

[[package]]
name = "num-complex"
version = "0.4.6"
source = "registry+https://github.com/rust-lang/crates.io-index"
checksum = "73f88a1307638156682bada9d7604135552957b7818057dcef22705b4d509495"
dependencies = [
 "num-traits",
 "serde",
]

[[package]]
name = "num-integer"
version = "0.1.47"
source = "registry+https://github.com/rust-lang/crates.io-index"
checksum = "7ce2d95d4b3734dc35aa2f45e1aa22cd416814592a4f9d9205e11affd5b8e10b"
dependencies = [
 "num-traits",
]

[[package]]
name = "num-rational"
version = "0.4.2"
source = "registry+https://github.com/rust-lang/crates.io-index"
checksum = "f83d14da390562dca69fc84082e73e548e1ad308d24accdedd2720017cb37824"
dependencies = [
 "num-bigint",
 "num-integer",
 "num-traits",
]

[[package]]
name = "num-traits"
version = "0.2.19"
source = "registry+https://github.com/rust-lang/crates.io-index"
checksum = "071dfc062690e90b734c0b2273ce72ad0ffa95f0c74596bc250dcfd960262841"
dependencies = [
 "autocfg",
 "libm",
]

[[package]]
name = "once_cell"
version = "1.21.4"
source = "registry+https://github.com/rust-lang/crates.io-index"
checksum = "9f7c3e4beb33f85d45ae3e3a1792185706c8e16d043238c593331cc7cd313b50"

[[package]]
name = "ordered-float"
version = "5.5.0"
source = "registry+https://github.com/rust-lang/crates.io-index"
checksum = "8c7c9e0d9b23589f26070720bac724174bfec1083e82f7854cdd0267518343c0"
dependencies = [
 "num-traits",
]

[[package]]
name = "pin-project-lite"
version = "0.2.17"
source = "registry+https://github.com/rust-lang/crates.io-index"
checksum = "a89322df9ebe1c1578d689c92318e070967d1042b512afbe49518723f4e6d5cd"

[[package]]
name = "polycool"
version = "0.4.0"
source = "registry+https://github.com/rust-lang/crates.io-index"
checksum = "50596ddc09eb5ad5f75cacd40209568e66df71baf86e1499a0e99c4cff12a5a6"
dependencies = [
 "arrayvec",
 "libm",
]

[[package]]
name = "proc-macro-error-attr3"
version = "3.1.1"
source = "registry+https://github.com/rust-lang/crates.io-index"
checksum = "9e564d14133360e1ae169ffde5da25881b5fa47261665b8e5713c212c27799da"
dependencies = [
 "proc-macro2",
 "quote",
]

[[package]]
name = "proc-macro-error3"
version = "3.1.1"
source = "registry+https://github.com/rust-lang/crates.io-index"
checksum = "8f0d4471b3436c22106b21913b1dda531558918ae9b7ec55d58aa84b43552233"
dependencies = [
 "proc-macro-error-attr3",
 "proc-macro2",
 "quote",
 "syn 3.0.4",
]

[[package]]
name = "proc-macro2"
version = "1.0.107"
source = "registry+https://github.com/rust-lang/crates.io-index"
checksum = "985e7ec9bb745e6ce6535b544d84d6cd6f7ad8bd711c398938ae983b91a766d9"
dependencies = [
 "unicode-ident",
]

[[package]]
name = "quote"
version = "1.0.47"
source = "registry+https://github.com/rust-lang/crates.io-index"
checksum = "1fbf4db142a473a8d80c26bbf18454ed458bf8d26c8219c331daecfdbd079001"
dependencies = [
 "proc-macro2",
]

[[package]]
name = "r-efi"
version = "5.3.0"
source = "registry+https://github.com/rust-lang/crates.io-index"
checksum = "69cdb34c158ceb288df11e18b4bd39de994f6657d83847bdffdbd7f346754b0f"

[[package]]
name = "r-efi"
version = "6.0.0"
source = "registry+https://github.com/rust-lang/crates.io-index"
checksum = "f8dcc9c7d52a811697d2151c701e0d08956f92b0e24136cf4cf27b57a6a0d9bf"

[[package]]
name = "rand"
version = "0.10.2"
source = "registry+https://github.com/rust-lang/crates.io-index"
checksum = "c7f5fa3a058cd35567ef9bfa5e75732bee0f9e4c55fa90477bef2dfcdbc4be80"
dependencies = [
 "chacha20",
 "getrandom 0.4.3",
 "rand_core",
]

[[package]]
name = "rand_core"
version = "0.10.1"
source = "registry+https://github.com/rust-lang/crates.io-index"
checksum = "63b8176103e19a2643978565ca18b50549f6101881c443590420e4dc998a3c69"

[[package]]
name = "rawpointer"
version = "0.2.1"
source = "registry+https://github.com/rust-lang/crates.io-index"
checksum = "60a357793950651c4ed0f3f52338f53b2f809f32d83a07f72909fa13e4c6c1e3"

[[package]]
name = "rayon"
version = "1.12.0"
source = "registry+https://github.com/rust-lang/crates.io-index"
checksum = "fb39b166781f92d482534ef4b4b1b2568f42613b53e5b6c160e24cfbfa30926d"
dependencies = [
 "either",
 "rayon-core",
]

[[package]]
name = "rayon-core"
version = "1.13.0"
source = "registry+https://github.com/rust-lang/crates.io-index"
checksum = "22e18b0f0062d30d4230b2e85ff77fdfe4326feb054b9783a3460d8435c8ab91"
dependencies = [
 "crossbeam-deque",
 "crossbeam-utils",
]

[[package]]
name = "regex"
version = "1.13.1"
source = "registry+https://github.com/rust-lang/crates.io-index"
checksum = "f020237b6c8eed93db2e2cb53c00c60a8e1bc73da7d073199a1180401450218d"
dependencies = [
 "aho-corasick",
 "memchr",
 "regex-automata",
 "regex-syntax",
]

[[package]]
name = "regex-automata"
version = "0.4.18"
source = "registry+https://github.com/rust-lang/crates.io-index"
checksum = "ad8553b9b26413251cbf30e620595c7a41b3887f03da04579c0e6b0d6a06b4b2"
dependencies = [
 "aho-corasick",
 "memchr",
 "regex-syntax",
]

[[package]]
name = "regex-syntax"
version = "0.8.11"
source = "registry+https://github.com/rust-lang/crates.io-index"
checksum = "d6f6ff9a378485b298a5286656da665ba74413d36db0979633275d2e708145d4"

[[package]]
name = "rustc-hash"
version = "2.1.3"
source = "registry+https://github.com/rust-lang/crates.io-index"
checksum = "6b1e7f9a428571be2dc5bc0505c13fb6bf936822b894ec87abf8a08a4e51742d"

[[package]]
name = "rustversion"
version = "1.0.23"
source = "registry+https://github.com/rust-lang/crates.io-index"
checksum = "cf54715a573b99ac80df0bc206da022bcd442c974952c7b9720069370852e21f"

[[package]]
name = "safe_arch"
version = "1.2.0"
source = "registry+https://github.com/rust-lang/crates.io-index"
checksum = "42c6efa15875e6ecb39ca61fb0b0c1a40b84fac5a5ffe71eef7d1000c8eb3f5f"
dependencies = [
 "bytemuck",
]

[[package]]
name = "serde"
version = "1.0.229"
source = "registry+https://github.com/rust-lang/crates.io-index"
checksum = "4148590afebada386688f18773da617792bf2ef03ffc1e4cbd2b1d45b023e0ba"
dependencies = [
 "serde_core",
 "serde_derive",
]

[[package]]
name = "serde_core"
version = "1.0.229"
source = "registry+https://github.com/rust-lang/crates.io-index"
checksum = "67dca2c9c51e58a4791a4b1ed58308b39c64224d349a935ab5039aa360942a48"
dependencies = [
 "serde_derive",
]

[[package]]
name = "serde_derive"
version = "1.0.229"
source = "registry+https://github.com/rust-lang/crates.io-index"
checksum = "e7a5d71263a5a7d47b41f6b3f06ba276f10cc18b0931f1799f710578e2309348"
dependencies = [
 "proc-macro2",
 "quote",
 "syn 3.0.4",
]

[[package]]
name = "serde_json"
version = "1.0.151"
source = "registry+https://github.com/rust-lang/crates.io-index"
checksum = "c841b55ecdae098c80dcae9cf767f6f8a0c2cdb3416bbef72181df4d0fe73f14"
dependencies = [
 "itoa",
 "memchr",
 "serde",
 "serde_core",
 "zmij",
]

[[package]]
name = "setout"
version = "0.0.0"
dependencies = [
 "exedra_measurements",
 "joto_constants",
 "joto_parse",
 "libm",
]

[[package]]
name = "setout_generate"
version = "0.0.0"
dependencies = [
 "setout",
]

[[package]]
name = "setout_joiner"
version = "0.0.0"
dependencies = [
 "exedra_math",
 "joiner",
 "joto_constants",
 "setout",
]

[[package]]
name = "setout_reconstruction"
version = "0.0.0"
dependencies = [
 "setout",
]

[[package]]
name = "simba"
version = "0.10.2"
source = "registry+https://github.com/rust-lang/crates.io-index"
checksum = "f1a7200d82ff1c7b4235efd12f11e2537a402c91cf83a5cb97ce80eef787fde7"
dependencies = [
 "approx",
 "num-complex",
 "num-traits",
 "wide",
]

[[package]]
name = "slab"
version = "0.4.12"
source = "registry+https://github.com/rust-lang/crates.io-index"
checksum = "0c790de23124f9ab44544d7ac05d60440adc586479ce501c1d6d7da3cd8c9cf5"

[[package]]
name = "smallvec"
version = "1.16.0"
source = "registry+https://github.com/rust-lang/crates.io-index"
checksum = "b9be42f50aa861c555654aa3a37f52f4b1074bacf4e48fe0ef7fa584e80f1f0f"

[[package]]
name = "smallvec"
version = "2.0.0-alpha.13"
source = "registry+https://github.com/rust-lang/crates.io-index"
checksum = "ce56585dbefaf71c9723e9a269fa65227bdcdbb6fd2f3ef50d264c65e067c648"

[[package]]
name = "static_assertions"
version = "1.1.0"
source = "registry+https://github.com/rust-lang/crates.io-index"
checksum = "a2eb9349b6444b326872e140eb1cf5e7c522154d69e7a0ffb0fb81c06b37543f"

[[package]]
name = "strsim"
version = "0.11.1"
source = "registry+https://github.com/rust-lang/crates.io-index"
checksum = "7da8b5736845d9f2fcb837ea5d9e2628564b3b043a70948a3f0b778838c5fb4f"

[[package]]
name = "strum"
version = "0.28.0"
source = "registry+https://github.com/rust-lang/crates.io-index"
checksum = "9628de9b8791db39ceda2b119bbe13134770b56c138ec1d3af810d045c04f9bd"
dependencies = [
 "strum_macros",
]

[[package]]
name = "strum_macros"
version = "0.28.0"
source = "registry+https://github.com/rust-lang/crates.io-index"
checksum = "ab85eea0270ee17587ed4156089e10b9e6880ee688791d45a905f5b1ca36f664"
dependencies = [
 "heck",
 "proc-macro2",
 "quote",
 "syn 2.0.119",
]

[[package]]
name = "syn"
version = "2.0.119"
source = "registry+https://github.com/rust-lang/crates.io-index"
checksum = "872831b642d1a07999a962a351ed35b955ea2cfc8f3862091e2a240a84f17297"
dependencies = [
 "proc-macro2",
 "quote",
 "unicode-ident",
]

[[package]]
name = "syn"
version = "3.0.4"
source = "registry+https://github.com/rust-lang/crates.io-index"
checksum = "e6275cddf4610d1775e6d1fe9469b2e77d0f39fd98fb7450901b821e0c53649f"
dependencies = [
 "proc-macro2",
 "quote",
 "unicode-ident",
]

[[package]]
name = "thiserror"
version = "2.0.20"
source = "registry+https://github.com/rust-lang/crates.io-index"
checksum = "ec86235f5fcc2a73650310756d2ac5b138a5780bbbdfae3eeccec992c435ba4f"
dependencies = [
 "thiserror-impl",
]

[[package]]
name = "thiserror-impl"
version = "2.0.20"
source = "registry+https://github.com/rust-lang/crates.io-index"
checksum = "bc04cd3e1236dd4a98afca4569f2deb3f120e5422a4023be2cb683f8486292af"
dependencies = [
 "proc-macro2",
 "quote",
 "syn 3.0.4",
]

[[package]]
name = "typenum"
version = "1.20.1"
source = "registry+https://github.com/rust-lang/crates.io-index"
checksum = "b6f5e870be6c3b371b77fe0ee0bafb859fa4964b4404c27de1d380043c4dda20"

[[package]]
name = "unicode-ident"
version = "1.0.24"
source = "registry+https://github.com/rust-lang/crates.io-index"
checksum = "e6e4313cd5fcd3dad5cafa179702e2b244f760991f45397d14d4ebf38247da75"

[[package]]
name = "unsynn"
version = "0.3.0"
source = "registry+https://github.com/rust-lang/crates.io-index"
checksum = "501a7adf1a4bd9951501e5c66621e972ef8874d787628b7f90e64f936ef7ec0a"
dependencies = [
 "mutants",
 "proc-macro2",
 "rustc-hash",
]

[[package]]
name = "wasi"
version = "0.11.1+wasi-snapshot-preview1"
source = "registry+https://github.com/rust-lang/crates.io-index"
checksum = "ccf3ec651a847eb01de73ccad15eb7d99f80485de043efb2f370cd654f4ea44b"

[[package]]
name = "wasip2"
version = "1.0.4+wasi-0.2.12"
source = "registry+https://github.com/rust-lang/crates.io-index"
checksum = "b67efb37e106e55ce722a510d6b5f9c17f083e5fc79afc2badeb12cc313d9487"
dependencies = [
 "wit-bindgen",
]

[[package]]
name = "wasm-bindgen"
version = "0.2.127"
source = "registry+https://github.com/rust-lang/crates.io-index"
checksum = "1b70935747edd64d89de3efa29d73789b806c15798f8e7dca4d8ac356b50ce70"
dependencies = [
 "cfg-if",
 "once_cell",
 "rustversion",
 "wasm-bindgen-macro",
 "wasm-bindgen-shared",
]

[[package]]
name = "wasm-bindgen-macro"
version = "0.2.127"
source = "registry+https://github.com/rust-lang/crates.io-index"
checksum = "77775f8f3f7217702089053b94958f8f54061a3f663417df76e19cbdcca29bc1"
dependencies = [
 "quote",
 "wasm-bindgen-macro-support",
]

[[package]]
name = "wasm-bindgen-macro-support"
version = "0.2.127"
source = "registry+https://github.com/rust-lang/crates.io-index"
checksum = "e11d33f857dc2fb11b8bc75aee111aa9cbeb12cd9f25efd3d4c2a3dd4e235284"
dependencies = [
 "bumpalo",
 "proc-macro2",
 "quote",
 "syn 2.0.119",
 "wasm-bindgen-shared",
]

[[package]]
name = "wasm-bindgen-shared"
version = "0.2.127"
source = "registry+https://github.com/rust-lang/crates.io-index"
checksum = "7ef64dbcc55df09c7e5a46182d181c2cfa3e925f3da937ea764728b4bbb9dcbf"
dependencies = [
 "unicode-ident",
]

[[package]]
name = "web-time"
version = "1.1.0"
source = "registry+https://github.com/rust-lang/crates.io-index"
checksum = "5a6580f308b1fad9207618087a65c04e7a10bc77e02c8e84e9b00dd4b12fa0bb"
dependencies = [
 "js-sys",
 "wasm-bindgen",
]

[[package]]
name = "wide"
version = "1.7.0"
source = "registry+https://github.com/rust-lang/crates.io-index"
checksum = "8cf05ca94c9fba0c51316899caa1d1e74a064fc310a5efa7375e614343d415be"
dependencies = [
 "bytemuck",
 "safe_arch",
]

[[package]]
name = "windows"
version = "0.62.2"
source = "registry+https://github.com/rust-lang/crates.io-index"
checksum = "527fadee13e0c05939a6a05d5bd6eec6cd2e3dbd648b9f8e447c6518133d8580"
dependencies = [
 "windows-collections",
 "windows-core",
 "windows-future",
 "windows-numerics",
]

[[package]]
name = "windows-collections"
version = "0.3.2"
source = "registry+https://github.com/rust-lang/crates.io-index"
checksum = "23b2d95af1a8a14a3c7367e1ed4fc9c20e0a26e79551b1454d72583c97cc6610"
dependencies = [
 "windows-core",
]

[[package]]
name = "windows-core"
version = "0.62.2"
source = "registry+https://github.com/rust-lang/crates.io-index"
checksum = "b8e83a14d34d0623b51dce9581199302a221863196a1dde71a7663a4c2be9deb"
dependencies = [
 "windows-implement",
 "windows-interface",
 "windows-link",
 "windows-result",
 "windows-strings",
]

[[package]]
name = "windows-future"
version = "0.3.2"
source = "registry+https://github.com/rust-lang/crates.io-index"
checksum = "e1d6f90251fe18a279739e78025bd6ddc52a7e22f921070ccdc67dde84c605cb"
dependencies = [
 "windows-core",
 "windows-link",
 "windows-threading",
]

[[package]]
name = "windows-implement"
version = "0.60.2"
source = "registry+https://github.com/rust-lang/crates.io-index"
checksum = "053e2e040ab57b9dc951b72c264860db7eb3b0200ba345b4e4c3b14f67855ddf"
dependencies = [
 "proc-macro2",
 "quote",
 "syn 2.0.119",
]

[[package]]
name = "windows-interface"
version = "0.59.3"
source = "registry+https://github.com/rust-lang/crates.io-index"
checksum = "3f316c4a2570ba26bbec722032c4099d8c8bc095efccdc15688708623367e358"
dependencies = [
 "proc-macro2",
 "quote",
 "syn 2.0.119",
]

[[package]]
name = "windows-link"
version = "0.2.1"
source = "registry+https://github.com/rust-lang/crates.io-index"
checksum = "f0805222e57f7521d6a62e36fa9163bc891acd422f971defe97d64e70d0a4fe5"

[[package]]
name = "windows-numerics"
version = "0.3.1"
source = "registry+https://github.com/rust-lang/crates.io-index"
checksum = "6e2e40844ac143cdb44aead537bbf727de9b044e107a0f1220392177d15b0f26"
dependencies = [
 "windows-core",
 "windows-link",
]

[[package]]
name = "windows-result"
version = "0.4.1"
source = "registry+https://github.com/rust-lang/crates.io-index"
checksum = "7781fa89eaf60850ac3d2da7af8e5242a5ea78d1a11c49bf2910bb5a73853eb5"
dependencies = [
 "windows-link",
]

[[package]]
name = "windows-strings"
version = "0.5.1"
source = "registry+https://github.com/rust-lang/crates.io-index"
checksum = "7837d08f69c77cf6b07689544538e017c1bfcf57e34b4c0ff58e6c2cd3b37091"
dependencies = [
 "windows-link",
]

[[package]]
name = "windows-threading"
version = "0.2.1"
source = "registry+https://github.com/rust-lang/crates.io-index"
checksum = "3949bd5b99cafdf1c7ca86b43ca564028dfe27d66958f2470940f73d86d75b37"
dependencies = [
 "windows-link",
]

[[package]]
name = "wit-bindgen"
version = "0.57.1"
source = "registry+https://github.com/rust-lang/crates.io-index"
checksum = "1ebf944e87a7c253233ad6766e082e3cd714b5d03812acc24c318f549614536e"

[[package]]
name = "workspace-hack"
version = "0.1.0"
source = "registry+https://github.com/rust-lang/crates.io-index"
checksum = "beffa227304dbaea3ad6a06ac674f9bc83a3dec3b7f63eeb442de37e7cb6bb01"

[[package]]
name = "yingzao_fashi_pavilion"
version = "0.0.0"
dependencies = [
 "exedra_assembly",
 "exedra_constructive",
 "exedra_gltf",
 "exedra_math",
 "exedra_mesh",
 "joiner",
 "joiner_timber",
 "serde_json",
 "setout",
 "setout_generate",
 "setout_joiner",
]

[[package]]
name = "zmij"
version = "1.0.23"
source = "registry+https://github.com/rust-lang/crates.io-index"
checksum = "29666d0abbfad1e3dc4dcf6144730dd3a3ab225bbbdac83319345b1b44ccfc1b"
